
Microsoft Visual Studio Solution File, Format Version 12.00
# Visual Studio 15
VisualStudioVersion = 15.0.27004.2002
MinimumVisualStudioVersion = 10.0.40219.1
Project("{FAE04EC0-301F-11D3-BF4B-00C04F79EFBC}") = "UltimoLab", "UltimoLab\UltimoLab.csproj", "{84250803-0045-4C8B-AE77-0212A64D0CFD}"
EndProject
Global
	GlobalSection(SolutionConfigurationPlatforms) = preSolution
		Debug|Any CPU = Debug|Any CPU
		Release|Any CPU = Release|Any CPU
	EndGlobalSection
	GlobalSection(ProjectConfigurationPlatforms) = postSolution
		{84250803-0045-4C8B-AE77-0212A64D0CFD}.Debug|Any CPU.ActiveCfg = Debug|Any CPU
		{84250803-0045-4C8B-AE77-0212A64D0CFD}.Debug|Any CPU.Build.0 = Debug|Any CPU
		{84250803-0045-4C8B-AE77-0212A64D0CFD}.Release|Any CPU.ActiveCfg = Release|Any CPU
		{84250803-0045-4C8B-AE77-0212A64D0CFD}.Release|Any CPU.Build.0 = Release|Any CPU
	EndGlobalSection
	GlobalSection(SolutionProperties) = preSolution
		HideSolutionNode = FALSE
	EndGlobalSection
	GlobalSection(ExtensibilityGlobals) = postSolution
		SolutionGuid = {84E27B0E-B724-4FF0-94ED-81BBAAEFDB26}
	EndGlobalSection
EndGlobal
